Microsoft Visual Studio Solution File, Format Version 12.00
# Visual Studio Version 17
VisualStudioVersion = 17.5.2.0
MinimumVisualStudioVersion = 10.0.40219.1
Project("{2150E333-8FDC-42A3-9474-1A3956D46DE8}") = "src", "src", "{827E0CD3-B72D-47B6-A68D-7590B98EB39B}"
EndProject
Project("{FAE04EC0-301F-11D3-BF4B-00C04F79EFBC}") = "Dev.Infrastructure", "src\Dev.Infrastructure\Dev.Infrastructure.csproj", "{B8B8A2D3-924A-8E45-E137-7FACFCA44C0B}"
EndProject
Project("{FAE04EC0-301F-11D3-BF4B-00C04F79EFBC}") = "Dev.Domain", "src\Dev.Domain\Dev.Domain.csproj", "{5DAB1AA8-5A6A-36AB-9805-F91D3C524179}"
EndProject
Project("{FAE04EC0-301F-11D3-BF4B-00C04F79EFBC}") = "DevApi", "src\DevApi\DevApi.csproj", "{65C5107D-DF0D-69FD-BED6-D5D411231F79}"
EndProject
Global
	GlobalSection(SolutionConfigurationPlatforms) = preSolution
		Debug|Any CPU = Debug|Any CPU
		Release|Any CPU = Release|Any CPU
	EndGlobalSection
	GlobalSection(ProjectConfigurationPlatforms) = postSolution
		{B8B8A2D3-924A-8E45-E137-7FACFCA44C0B}.Debug|Any CPU.ActiveCfg = Debug|Any CPU
		{B8B8A2D3-924A-8E45-E137-7FACFCA44C0B}.Debug|Any CPU.Build.0 = Debug|Any CPU
		{B8B8A2D3-924A-8E45-E137-7FACFCA44C0B}.Release|Any CPU.ActiveCfg = Release|Any CPU
		{B8B8A2D3-924A-8E45-E137-7FACFCA44C0B}.Release|Any CPU.Build.0 = Release|Any CPU
		{5DAB1AA8-5A6A-36AB-9805-F91D3C524179}.Debug|Any CPU.ActiveCfg = Debug|Any CPU
		{5DAB1AA8-5A6A-36AB-9805-F91D3C524179}.Debug|Any CPU.Build.0 = Debug|Any CPU
		{5DAB1AA8-5A6A-36AB-9805-F91D3C524179}.Release|Any CPU.ActiveCfg = Release|Any CPU
		{5DAB1AA8-5A6A-36AB-9805-F91D3C524179}.Release|Any CPU.Build.0 = Release|Any CPU
		{65C5107D-DF0D-69FD-BED6-D5D411231F79}.Debug|Any CPU.ActiveCfg = Debug|Any CPU
		{65C5107D-DF0D-69FD-BED6-D5D411231F79}.Debug|Any CPU.Build.0 = Debug|Any CPU
		{65C5107D-DF0D-69FD-BED6-D5D411231F79}.Release|Any CPU.ActiveCfg = Release|Any CPU
		{65C5107D-DF0D-69FD-BED6-D5D411231F79}.Release|Any CPU.Build.0 = Release|Any CPU
	EndGlobalSection
	GlobalSection(SolutionProperties) = preSolution
		HideSolutionNode = FALSE
	EndGlobalSection
	GlobalSection(NestedProjects) = preSolution
		{B8B8A2D3-924A-8E45-E137-7FACFCA44C0B} = {827E0CD3-B72D-47B6-A68D-7590B98EB39B}
		{5DAB1AA8-5A6A-36AB-9805-F91D3C524179} = {827E0CD3-B72D-47B6-A68D-7590B98EB39B}
		{65C5107D-DF0D-69FD-BED6-D5D411231F79} = {827E0CD3-B72D-47B6-A68D-7590B98EB39B}
	EndGlobalSection
	GlobalSection(ExtensibilityGlobals) = postSolution
		SolutionGuid = {0AC1A42F-7F73-46BC-9B40-9D28007F0312}
	EndGlobalSection
EndGlobal
